
Microsoft Visual Studio Solution File, Format Version 12.00
# Visual Studio 14
VisualStudioVersion = 14.0.23107.0
MinimumVisualStudioVersion = 10.0.40219.1
Project("{FAE04EC0-301F-11D3-BF4B-00C04F79EFBC}") = "PushMessages", "PushMessages\PushMessages.csproj", "{0B032C35-3898-494A-BE17-E20E458774CC}"
EndProject
Project("{FAE04EC0-301F-11D3-BF4B-00C04F79EFBC}") = "SearchService", "SearchService\SearchService.csproj", "{EC01D8D1-7BE6-4824-AFB6-0AAF0D9927A9}"
EndProject
Project("{FAE04EC0-301F-11D3-BF4B-00C04F79EFBC}") = "ReactiveSearch", "ReactiveSearch\ReactiveSearch.csproj", "{5EACBA5C-E7D2-4A40-AFB3-CDC4148E0113}"
EndProject
Project("{FAE04EC0-301F-11D3-BF4B-00C04F79EFBC}") = "DemoConsole", "DemoConsole\DemoConsole.csproj", "{BBC15661-C530-4F16-A642-6DF67DD6BFF4}"
EndProject
Project("{FAE04EC0-301F-11D3-BF4B-00C04F79EFBC}") = "HistoricalScheduler", "HistoricalScheduler\HistoricalScheduler.csproj", "{48614369-9E2A-48E8-8207-DE7A7434F0FC}"
EndProject
Global
	GlobalSection(SolutionConfigurationPlatforms) = preSolution
		Debug|Any CPU = Debug|Any CPU
		Release|Any CPU = Release|Any CPU
	EndGlobalSection
	GlobalSection(ProjectConfigurationPlatforms) = postSolution
		{0B032C35-3898-494A-BE17-E20E458774CC}.Debug|Any CPU.ActiveCfg = Debug|Any CPU
		{0B032C35-3898-494A-BE17-E20E458774CC}.Debug|Any CPU.Build.0 = Debug|Any CPU
		{0B032C35-3898-494A-BE17-E20E458774CC}.Release|Any CPU.ActiveCfg = Release|Any CPU
		{0B032C35-3898-494A-BE17-E20E458774CC}.Release|Any CPU.Build.0 = Release|Any CPU
		{EC01D8D1-7BE6-4824-AFB6-0AAF0D9927A9}.Debug|Any CPU.ActiveCfg = Debug|Any CPU
		{EC01D8D1-7BE6-4824-AFB6-0AAF0D9927A9}.Debug|Any CPU.Build.0 = Debug|Any CPU
		{EC01D8D1-7BE6-4824-AFB6-0AAF0D9927A9}.Release|Any CPU.ActiveCfg = Release|Any CPU
		{EC01D8D1-7BE6-4824-AFB6-0AAF0D9927A9}.Release|Any CPU.Build.0 = Release|Any CPU
		{5EACBA5C-E7D2-4A40-AFB3-CDC4148E0113}.Debug|Any CPU.ActiveCfg = Debug|Any CPU
		{5EACBA5C-E7D2-4A40-AFB3-CDC4148E0113}.Debug|Any CPU.Build.0 = Debug|Any CPU
		{5EACBA5C-E7D2-4A40-AFB3-CDC4148E0113}.Release|Any CPU.ActiveCfg = Release|Any CPU
		{5EACBA5C-E7D2-4A40-AFB3-CDC4148E0113}.Release|Any CPU.Build.0 = Release|Any CPU
		{BBC15661-C530-4F16-A642-6DF67DD6BFF4}.Debug|Any CPU.ActiveCfg = Debug|Any CPU
		{BBC15661-C530-4F16-A642-6DF67DD6BFF4}.Debug|Any CPU.Build.0 = Debug|Any CPU
		{BBC15661-C530-4F16-A642-6DF67DD6BFF4}.Release|Any CPU.ActiveCfg = Release|Any CPU
		{BBC15661-C530-4F16-A642-6DF67DD6BFF4}.Release|Any CPU.Build.0 = Release|Any CPU
		{48614369-9E2A-48E8-8207-DE7A7434F0FC}.Debug|Any CPU.ActiveCfg = Debug|Any CPU
		{48614369-9E2A-48E8-8207-DE7A7434F0FC}.Debug|Any CPU.Build.0 = Debug|Any CPU
		{48614369-9E2A-48E8-8207-DE7A7434F0FC}.Release|Any CPU.ActiveCfg = Release|Any CPU
		{48614369-9E2A-48E8-8207-DE7A7434F0FC}.Release|Any CPU.Build.0 = Release|Any CPU
	EndGlobalSection
	GlobalSection(SolutionProperties) = preSolution
		HideSolutionNode = FALSE
	EndGlobalSection
EndGlobal
